PODS:
  - CleanRxMVVMSupport (1.0.0)
  - Nimble (8.0.4)
  - Quick (2.2.0)

DEPENDENCIES:
  - CleanRxMVVMSupport (from `../`)
  - Nimble (~> 8.0)
  - Quick (~> 2.0)

SPEC REPOS:
  trunk:
    - Nimble
    - Quick

EXTERNAL SOURCES:
  CleanRxMVVMSupport:
    :path: "../"

SPEC CHECKSUMS:
  CleanRxMVVMSupport: 42e6b026760d55902c8f494a8de47504cea5bca1
  Nimble: 18d5360282923225d62b09d781f63abc1a0111fc
  Quick: 7fb19e13be07b5dfb3b90d4f9824c855a11af40e

PODFILE CHECKSUM: ca84d72ab5aa449277949a59d70d961368caa2cd

COCOAPODS: 1.8.4
